{
    "requires": true,
    "lockfileVersion": 1,
    "dependencies": {
        "bootstrap": {
            "version": "5.1.0",
            "resolved": "https://registry.npmjs.org/bootstrap/-/bootstrap-5.1.0.tgz",
            "integrity": "sha512-bs74WNI9BgBo3cEovmdMHikSKoXnDgA6VQjJ7TyTotU6L7d41ZyCEEelPwkYEzsG/Zjv3ie9IE3EMAje0W9Xew==",
            "dev": true
        },
        "tata-js": {
            "version": "0.1.5",
            "resolved": "https://registry.npmjs.org/tata-js/-/tata-js-0.1.5.tgz",
            "integrity": "sha512-e9O09ZY8D+LX3kyFfLE//LcWI0M23V2XpAyrSDm7cZJH1xaCoFwAD7j/s0FV9v72BJ0PnCOYkA+BaCZ5BNdvGg=="
        }
    }
}
